
Microsoft Visual Studio Solution File, Format Version 12.00
# Visual Studio Version 17
VisualStudioVersion = 17.0.31903.59
MinimumVisualStudioVersion = 10.0.40219.1
Project("{FAE04EC0-301F-11D3-BF4B-00C04F79EFBC}") = "1", "1\1.csproj", "{3DF8E8DD-1BEE-492F-AF4E-75270FEE3CC7}"
EndProject
Project("{FAE04EC0-301F-11D3-BF4B-00C04F79EFBC}") = "2", "2\2.csproj", "{8A447646-5599-4307-BB07-AD0ECF46AD12}"
EndProject
Project("{FAE04EC0-301F-11D3-BF4B-00C04F79EFBC}") = "3", "3\3.csproj", "{398155CB-C740-4E46-BA2C-5984B81A3655}"
EndProject
Project("{FAE04EC0-301F-11D3-BF4B-00C04F79EFBC}") = "4", "4\4.csproj", "{84F24DE6-DCAF-4E48-934A-D0F8434C9CAC}"
EndProject
Project("{FAE04EC0-301F-11D3-BF4B-00C04F79EFBC}") = "5", "5\5.csproj", "{6542EEF0-2205-4DA2-B862-2E2F1F5F26CE}"
EndProject
Project("{FAE04EC0-301F-11D3-BF4B-00C04F79EFBC}") = "6", "6\6.csproj", "{2B9E11B3-13F1-4535-902E-A843DF7023E6}"
EndProject
Project("{FAE04EC0-301F-11D3-BF4B-00C04F79EFBC}") = "7", "7\7.csproj", "{CD1F6056-6511-4B01-A322-B05FC58CE95E}"
EndProject
Project("{FAE04EC0-301F-11D3-BF4B-00C04F79EFBC}") = "8", "8\8.csproj", "{EE90CB40-A20B-402E-8246-323AB2A61D0B}"
EndProject
Project("{FAE04EC0-301F-11D3-BF4B-00C04F79EFBC}") = "9", "9\9.csproj", "{FA1A7106-F9A7-4463-AF32-C520316CB0F6}"
EndProject
Project("{FAE04EC0-301F-11D3-BF4B-00C04F79EFBC}") = "10", "10\10.csproj", "{9441046D-B10C-4B9D-9DA4-FC6E435829E1}"
EndProject
Project("{FAE04EC0-301F-11D3-BF4B-00C04F79EFBC}") = "11", "11\11.csproj", "{42B8D6FA-4860-4CF5-977D-4AACEB83A2A3}"
EndProject
Project("{FAE04EC0-301F-11D3-BF4B-00C04F79EFBC}") = "12", "12\12.csproj", "{8FB82C24-0604-4830-A1F3-8490781BAAA4}"
EndProject
Project("{FAE04EC0-301F-11D3-BF4B-00C04F79EFBC}") = "13", "13\13.csproj", "{6F8BFD72-6915-4B90-ABCA-EF76566C5A2D}"
EndProject
Project("{FAE04EC0-301F-11D3-BF4B-00C04F79EFBC}") = "14", "14\14.csproj", "{05BF51A3-56B3-48F1-9A19-0CB830A72854}"
EndProject
Project("{FAE04EC0-301F-11D3-BF4B-00C04F79EFBC}") = "15", "15\15.csproj", "{4CEAE1DE-2929-418B-879F-C40FF4443D02}"
EndProject
Project("{FAE04EC0-301F-11D3-BF4B-00C04F79EFBC}") = "16", "16\16.csproj", "{8C125665-CAA7-467C-97DB-23DBE84C1752}"
EndProject
Project("{FAE04EC0-301F-11D3-BF4B-00C04F79EFBC}") = "17", "17\17.csproj", "{3851805E-52B3-4FDD-B741-788A145E972B}"
EndProject
Project("{FAE04EC0-301F-11D3-BF4B-00C04F79EFBC}") = "18", "18\18.csproj", "{28CF9FAB-A6B6-449D-A676-22DFB62F7D8A}"
EndProject
Project("{FAE04EC0-301F-11D3-BF4B-00C04F79EFBC}") = "19", "19\19.csproj", "{12F66C9C-597F-409D-866A-BD8D6DA1E227}"
EndProject
Project("{FAE04EC0-301F-11D3-BF4B-00C04F79EFBC}") = "20", "20\20.csproj", "{C64FE25A-FDEC-4BAF-AF70-7160782C5024}"
EndProject
Project("{FAE04EC0-301F-11D3-BF4B-00C04F79EFBC}") = "21", "21\21.csproj", "{07A8C803-183D-42E5-A4C5-0F5D183F2426}"
EndProject
Project("{FAE04EC0-301F-11D3-BF4B-00C04F79EFBC}") = "22", "22\22.csproj", "{D5D1C94E-06C4-4F30-8BF8-4444ADCC6880}"
EndProject
Project("{FAE04EC0-301F-11D3-BF4B-00C04F79EFBC}") = "23", "23\23.csproj", "{9736A6C7-F2F6-44CA-B9E3-664658F93AE7}"
EndProject
Project("{FAE04EC0-301F-11D3-BF4B-00C04F79EFBC}") = "24", "24\24.csproj", "{E9C79A0D-B669-4538-93B4-FCC78E5B5CE2}"
EndProject
Project("{FAE04EC0-301F-11D3-BF4B-00C04F79EFBC}") = "25", "25\25.csproj", "{2B7C40F9-B47C-40E1-A44C-665B349188C2}"
EndProject
Global
	GlobalSection(SolutionConfigurationPlatforms) = preSolution
		Debug|Any CPU = Debug|Any CPU
		Release|Any CPU = Release|Any CPU
	EndGlobalSection
	GlobalSection(SolutionProperties) = preSolution
		HideSolutionNode = FALSE
	EndGlobalSection
	GlobalSection(ProjectConfigurationPlatforms) = postSolution
		{3DF8E8DD-1BEE-492F-AF4E-75270FEE3CC7}.Debug|Any CPU.ActiveCfg = Debug|Any CPU
		{3DF8E8DD-1BEE-492F-AF4E-75270FEE3CC7}.Debug|Any CPU.Build.0 = Debug|Any CPU
		{3DF8E8DD-1BEE-492F-AF4E-75270FEE3CC7}.Release|Any CPU.ActiveCfg = Release|Any CPU
		{3DF8E8DD-1BEE-492F-AF4E-75270FEE3CC7}.Release|Any CPU.Build.0 = Release|Any CPU
		{8A447646-5599-4307-BB07-AD0ECF46AD12}.Debug|Any CPU.ActiveCfg = Debug|Any CPU
		{8A447646-5599-4307-BB07-AD0ECF46AD12}.Debug|Any CPU.Build.0 = Debug|Any CPU
		{8A447646-5599-4307-BB07-AD0ECF46AD12}.Release|Any CPU.ActiveCfg = Release|Any CPU
		{8A447646-5599-4307-BB07-AD0ECF46AD12}.Release|Any CPU.Build.0 = Release|Any CPU
		{398155CB-C740-4E46-BA2C-5984B81A3655}.Debug|Any CPU.ActiveCfg = Debug|Any CPU
		{398155CB-C740-4E46-BA2C-5984B81A3655}.Debug|Any CPU.Build.0 = Debug|Any CPU
		{398155CB-C740-4E46-BA2C-5984B81A3655}.Release|Any CPU.ActiveCfg = Release|Any CPU
		{398155CB-C740-4E46-BA2C-5984B81A3655}.Release|Any CPU.Build.0 = Release|Any CPU
		{84F24DE6-DCAF-4E48-934A-D0F8434C9CAC}.Debug|Any CPU.ActiveCfg = Debug|Any CPU
		{84F24DE6-DCAF-4E48-934A-D0F8434C9CAC}.Debug|Any CPU.Build.0 = Debug|Any CPU
		{84F24DE6-DCAF-4E48-934A-D0F8434C9CAC}.Release|Any CPU.ActiveCfg = Release|Any CPU
		{84F24DE6-DCAF-4E48-934A-D0F8434C9CAC}.Release|Any CPU.Build.0 = Release|Any CPU
		{6542EEF0-2205-4DA2-B862-2E2F1F5F26CE}.Debug|Any CPU.ActiveCfg = Debug|Any CPU
		{6542EEF0-2205-4DA2-B862-2E2F1F5F26CE}.Debug|Any CPU.Build.0 = Debug|Any CPU
		{6542EEF0-2205-4DA2-B862-2E2F1F5F26CE}.Release|Any CPU.ActiveCfg = Release|Any CPU
		{6542EEF0-2205-4DA2-B862-2E2F1F5F26CE}.Release|Any CPU.Build.0 = Release|Any CPU
		{2B9E11B3-13F1-4535-902E-A843DF7023E6}.Debug|Any CPU.ActiveCfg = Debug|Any CPU
		{2B9E11B3-13F1-4535-902E-A843DF7023E6}.Debug|Any CPU.Build.0 = Debug|Any CPU
		{2B9E11B3-13F1-4535-902E-A843DF7023E6}.Release|Any CPU.ActiveCfg = Release|Any CPU
		{2B9E11B3-13F1-4535-902E-A843DF7023E6}.Release|Any CPU.Build.0 = Release|Any CPU
		{CD1F6056-6511-4B01-A322-B05FC58CE95E}.Debug|Any CPU.ActiveCfg = Debug|Any CPU
		{CD1F6056-6511-4B01-A322-B05FC58CE95E}.Debug|Any CPU.Build.0 = Debug|Any CPU
		{CD1F6056-6511-4B01-A322-B05FC58CE95E}.Release|Any CPU.ActiveCfg = Release|Any CPU
		{CD1F6056-6511-4B01-A322-B05FC58CE95E}.Release|Any CPU.Build.0 = Release|Any CPU
		{EE90CB40-A20B-402E-8246-323AB2A61D0B}.Debug|Any CPU.ActiveCfg = Debug|Any CPU
		{EE90CB40-A20B-402E-8246-323AB2A61D0B}.Debug|Any CPU.Build.0 = Debug|Any CPU
		{EE90CB40-A20B-402E-8246-323AB2A61D0B}.Release|Any CPU.ActiveCfg = Release|Any CPU
		{EE90CB40-A20B-402E-8246-323AB2A61D0B}.Release|Any CPU.Build.0 = Release|Any CPU
		{FA1A7106-F9A7-4463-AF32-C520316CB0F6}.Debug|Any CPU.ActiveCfg = Debug|Any CPU
		{FA1A7106-F9A7-4463-AF32-C520316CB0F6}.Debug|Any CPU.Build.0 = Debug|Any CPU
		{FA1A7106-F9A7-4463-AF32-C520316CB0F6}.Release|Any CPU.ActiveCfg = Release|Any CPU
		{FA1A7106-F9A7-4463-AF32-C520316CB0F6}.Release|Any CPU.Build.0 = Release|Any CPU
		{9441046D-B10C-4B9D-9DA4-FC6E435829E1}.Debug|Any CPU.ActiveCfg = Debug|Any CPU
		{9441046D-B10C-4B9D-9DA4-FC6E435829E1}.Debug|Any CPU.Build.0 = Debug|Any CPU
		{9441046D-B10C-4B9D-9DA4-FC6E435829E1}.Release|Any CPU.ActiveCfg = Release|Any CPU
		{9441046D-B10C-4B9D-9DA4-FC6E435829E1}.Release|Any CPU.Build.0 = Release|Any CPU
		{42B8D6FA-4860-4CF5-977D-4AACEB83A2A3}.Debug|Any CPU.ActiveCfg = Debug|Any CPU
		{42B8D6FA-4860-4CF5-977D-4AACEB83A2A3}.Debug|Any CPU.Build.0 = Debug|Any CPU
		{42B8D6FA-4860-4CF5-977D-4AACEB83A2A3}.Release|Any CPU.ActiveCfg = Release|Any CPU
		{42B8D6FA-4860-4CF5-977D-4AACEB83A2A3}.Release|Any CPU.Build.0 = Release|Any CPU
		{8FB82C24-0604-4830-A1F3-8490781BAAA4}.Debug|Any CPU.ActiveCfg = Debug|Any CPU
		{8FB82C24-0604-4830-A1F3-8490781BAAA4}.Debug|Any CPU.Build.0 = Debug|Any CPU
		{8FB82C24-0604-4830-A1F3-8490781BAAA4}.Release|Any CPU.ActiveCfg = Release|Any CPU
		{8FB82C24-0604-4830-A1F3-8490781BAAA4}.Release|Any CPU.Build.0 = Release|Any CPU
		{6F8BFD72-6915-4B90-ABCA-EF76566C5A2D}.Debug|Any CPU.ActiveCfg = Debug|Any CPU
		{6F8BFD72-6915-4B90-ABCA-EF76566C5A2D}.Debug|Any CPU.Build.0 = Debug|Any CPU
		{6F8BFD72-6915-4B90-ABCA-EF76566C5A2D}.Release|Any CPU.ActiveCfg = Release|Any CPU
		{6F8BFD72-6915-4B90-ABCA-EF76566C5A2D}.Release|Any CPU.Build.0 = Release|Any CPU
		{05BF51A3-56B3-48F1-9A19-0CB830A72854}.Debug|Any CPU.ActiveCfg = Debug|Any CPU
		{05BF51A3-56B3-48F1-9A19-0CB830A72854}.Debug|Any CPU.Build.0 = Debug|Any CPU
		{05BF51A3-56B3-48F1-9A19-0CB830A72854}.Release|Any CPU.ActiveCfg = Release|Any CPU
		{05BF51A3-56B3-48F1-9A19-0CB830A72854}.Release|Any CPU.Build.0 = Release|Any CPU
		{4CEAE1DE-2929-418B-879F-C40FF4443D02}.Debug|Any CPU.ActiveCfg = Debug|Any CPU
		{4CEAE1DE-2929-418B-879F-C40FF4443D02}.Debug|Any CPU.Build.0 = Debug|Any CPU
		{4CEAE1DE-2929-418B-879F-C40FF4443D02}.Release|Any CPU.ActiveCfg = Release|Any CPU
		{4CEAE1DE-2929-418B-879F-C40FF4443D02}.Release|Any CPU.Build.0 = Release|Any CPU
		{8C125665-CAA7-467C-97DB-23DBE84C1752}.Debug|Any CPU.ActiveCfg = Debug|Any CPU
		{8C125665-CAA7-467C-97DB-23DBE84C1752}.Debug|Any CPU.Build.0 = Debug|Any CPU
		{8C125665-CAA7-467C-97DB-23DBE84C1752}.Release|Any CPU.ActiveCfg = Release|Any CPU
		{8C125665-CAA7-467C-97DB-23DBE84C1752}.Release|Any CPU.Build.0 = Release|Any CPU
		{3851805E-52B3-4FDD-B741-788A145E972B}.Debug|Any CPU.ActiveCfg = Debug|Any CPU
		{3851805E-52B3-4FDD-B741-788A145E972B}.Debug|Any CPU.Build.0 = Debug|Any CPU
		{3851805E-52B3-4FDD-B741-788A145E972B}.Release|Any CPU.ActiveCfg = Release|Any CPU
		{3851805E-52B3-4FDD-B741-788A145E972B}.Release|Any CPU.Build.0 = Release|Any CPU
		{28CF9FAB-A6B6-449D-A676-22DFB62F7D8A}.Debug|Any CPU.ActiveCfg = Debug|Any CPU
		{28CF9FAB-A6B6-449D-A676-22DFB62F7D8A}.Debug|Any CPU.Build.0 = Debug|Any CPU
		{28CF9FAB-A6B6-449D-A676-22DFB62F7D8A}.Release|Any CPU.ActiveCfg = Release|Any CPU
		{28CF9FAB-A6B6-449D-A676-22DFB62F7D8A}.Release|Any CPU.Build.0 = Release|Any CPU
		{12F66C9C-597F-409D-866A-BD8D6DA1E227}.Debug|Any CPU.ActiveCfg = Debug|Any CPU
		{12F66C9C-597F-409D-866A-BD8D6DA1E227}.Debug|Any CPU.Build.0 = Debug|Any CPU
		{12F66C9C-597F-409D-866A-BD8D6DA1E227}.Release|Any CPU.ActiveCfg = Release|Any CPU
		{12F66C9C-597F-409D-866A-BD8D6DA1E227}.Release|Any CPU.Build.0 = Release|Any CPU
		{C64FE25A-FDEC-4BAF-AF70-7160782C5024}.Debug|Any CPU.ActiveCfg = Debug|Any CPU
		{C64FE25A-FDEC-4BAF-AF70-7160782C5024}.Debug|Any CPU.Build.0 = Debug|Any CPU
		{C64FE25A-FDEC-4BAF-AF70-7160782C5024}.Release|Any CPU.ActiveCfg = Release|Any CPU
		{C64FE25A-FDEC-4BAF-AF70-7160782C5024}.Release|Any CPU.Build.0 = Release|Any CPU
		{07A8C803-183D-42E5-A4C5-0F5D183F2426}.Debug|Any CPU.ActiveCfg = Debug|Any CPU
		{07A8C803-183D-42E5-A4C5-0F5D183F2426}.Debug|Any CPU.Build.0 = Debug|Any CPU
		{07A8C803-183D-42E5-A4C5-0F5D183F2426}.Release|Any CPU.ActiveCfg = Release|Any CPU
		{07A8C803-183D-42E5-A4C5-0F5D183F2426}.Release|Any CPU.Build.0 = Release|Any CPU
		{D5D1C94E-06C4-4F30-8BF8-4444ADCC6880}.Debug|Any CPU.ActiveCfg = Debug|Any CPU
		{D5D1C94E-06C4-4F30-8BF8-4444ADCC6880}.Debug|Any CPU.Build.0 = Debug|Any CPU
		{D5D1C94E-06C4-4F30-8BF8-4444ADCC6880}.Release|Any CPU.ActiveCfg = Release|Any CPU
		{D5D1C94E-06C4-4F30-8BF8-4444ADCC6880}.Release|Any CPU.Build.0 = Release|Any CPU
		{9736A6C7-F2F6-44CA-B9E3-664658F93AE7}.Debug|Any CPU.ActiveCfg = Debug|Any CPU
		{9736A6C7-F2F6-44CA-B9E3-664658F93AE7}.Debug|Any CPU.Build.0 = Debug|Any CPU
		{9736A6C7-F2F6-44CA-B9E3-664658F93AE7}.Release|Any CPU.ActiveCfg = Release|Any CPU
		{9736A6C7-F2F6-44CA-B9E3-664658F93AE7}.Release|Any CPU.Build.0 = Release|Any CPU
		{E9C79A0D-B669-4538-93B4-FCC78E5B5CE2}.Debug|Any CPU.ActiveCfg = Debug|Any CPU
		{E9C79A0D-B669-4538-93B4-FCC78E5B5CE2}.Debug|Any CPU.Build.0 = Debug|Any CPU
		{E9C79A0D-B669-4538-93B4-FCC78E5B5CE2}.Release|Any CPU.ActiveCfg = Release|Any CPU
		{E9C79A0D-B669-4538-93B4-FCC78E5B5CE2}.Release|Any CPU.Build.0 = Release|Any CPU
		{2B7C40F9-B47C-40E1-A44C-665B349188C2}.Debug|Any CPU.ActiveCfg = Debug|Any CPU
		{2B7C40F9-B47C-40E1-A44C-665B349188C2}.Debug|Any CPU.Build.0 = Debug|Any CPU
		{2B7C40F9-B47C-40E1-A44C-665B349188C2}.Release|Any CPU.ActiveCfg = Release|Any CPU
		{2B7C40F9-B47C-40E1-A44C-665B349188C2}.Release|Any CPU.Build.0 = Release|Any CPU
	EndGlobalSection
EndGlobal
